[[package]]
category = "main"
description = "Wrapper for the aiormq for asyncio and humans."
name = "aio-pika"
optional = false
python-versions = ">3.5.*, <4"
version = "6.6.1"

[package.dependencies]
aiormq = ">=3.2.0,<4"
yarl = "*"

[package.extras]
develop = ["async-generator", "coverage (!=4.3)", "coveralls", "pylava", "pytest", "aiomisc (>=9.7,<10.0)", "pytest-cov", "shortuuid", "sphinx", "sphinx-autobuild", "timeout-decorator", "tox (>=2.4)"]

[package.source]
reference = "alpine-patches"
type = "legacy"
url = "https://packages.travitia.xyz/root/idle/+simple"

[[package]]
category = "main"
description = "Async http client/server framework (asyncio)"
name = "aiohttp"
optional = false
python-versions = ">=3.6"
version = "4.0.0a1"

[package.dependencies]
async-timeout = ">=4.0a2,<5.0"
attrs = ">=17.3.0"
chardet = ">=2.0,<4.0"
multidict = ">=4.5,<5.0"
typing-extensions = ">=3.6.5"
yarl = ">=1.0,<2.0"

[package.extras]
speedups = ["aiodns (>=1.1)", "brotli", "cchardet"]

[package.source]
reference = "alpine-patches"
type = "legacy"
url = "https://packages.travitia.xyz/root/idle/+simple"

[[package]]
category = "main"
description = "Pure python AMQP asynchronous client library"
name = "aiormq"
optional = false
python-versions = ">3.5.*"
version = "3.2.2"

[package.dependencies]
pamqp = "2.3.0"
yarl = "*"

[package.extras]
develop = ["aiomisc (<10)", "async-generator", "coverage (!=4.3)", "coveralls", "pylava", "pytest", "pytest-cov", "tox (>=2.4)"]

[package.source]
reference = "alpine-patches"
type = "legacy"
url = "https://packages.travitia.xyz/root/idle/+simple"

[[package]]
category = "main"
description = "Timeout context manager for asyncio programs"
name = "async-timeout"
optional = false
python-versions = ">=3.5.3"
version = "4.0.0a2"

[package.dependencies]
typing-extensions = ">=3.6.5"

[package.source]
reference = "alpine-patches"
type = "legacy"
url = "https://packages.travitia.xyz/root/idle/+simple"

[[package]]
category = "main"
description = "Classes Without Boilerplate"
name = "attrs"
optional = false
python-versions = ">=2.7, !=3.0.*, !=3.1.*, !=3.2.*, !=3.3.*"
version = "19.3.0"

[package.extras]
azure-pipelines = ["coverage", "hypothesis", "pympler", "pytest (>=4.3.0)", "six", "zope.interface", "pytest-azurepipelines"]
dev = ["coverage", "hypothesis", "pympler", "pytest (>=4.3.0)", "six", "zope.interface", "sphinx", "pre-commit"]
docs = ["sphinx", "zope.interface"]
tests = ["coverage", "hypothesis", "pympler", "pytest (>=4.3.0)", "six", "zope.interface"]

[package.source]
reference = "alpine-patches"
type = "legacy"
url = "https://packages.travitia.xyz/root/idle/+simple"

[[package]]
category = "main"
description = "Universal encoding detector for Python 2 and 3"
name = "chardet"
optional = false
python-versions = "*"
version = "3.0.4"

[package.source]
reference = "alpine-patches"
type = "legacy"
url = "https://packages.travitia.xyz/root/idle/+simple"

[[package]]
category = "main"
description = "A Python wrapper for the Discord API"
name = "discord.py"
optional = false
python-versions = ">=3.5.3"
version = "1.4.0a2412+gc46983f"

[package.dependencies]
aiohttp = "4.0.0a1"

[package.extras]
docs = ["sphinx (1.8.5)", "sphinxcontrib-trio (1.1.1)", "sphinxcontrib-websupport"]
voice = ["PyNaCl (1.3.0)"]

[package.source]
reference = "alpine-patches"
type = "legacy"
url = "https://packages.travitia.xyz/root/idle/+simple"

[[package]]
category = "main"
description = "Internationalized Domain Names in Applications (IDNA)"
name = "idna"
optional = false
python-versions = ">=2.7, !=3.0.*, !=3.1.*, !=3.2.*, !=3.3.*"
version = "2.10"

[package.source]
reference = "alpine-patches"
type = "legacy"
url = "https://packages.travitia.xyz/root/idle/+simple"

[[package]]
category = "main"
description = "multidict implementation"
name = "multidict"
optional = false
python-versions = ">=3.5"
version = "4.7.6"

[package.source]
reference = "alpine-patches"
type = "legacy"
url = "https://packages.travitia.xyz/root/idle/+simple"

[[package]]
category = "main"
description = "Fast, correct Python JSON library supporting dataclasses, datetimes, and numpy"
name = "orjson"
optional = false
python-versions = ">=3.6"
version = "3.3.0"

[package.source]
reference = "alpine-patches"
type = "legacy"
url = "https://packages.travitia.xyz/root/idle/+simple"

[[package]]
category = "main"
description = "RabbitMQ Focused AMQP low-level library"
name = "pamqp"
optional = false
python-versions = "*"
version = "2.3.0"

[package.extras]
codegen = ["lxml"]

[package.source]
reference = "alpine-patches"
type = "legacy"
url = "https://packages.travitia.xyz/root/idle/+simple"

[[package]]
category = "main"
description = "Backported and Experimental Type Hints for Python 3.5+"
name = "typing-extensions"
optional = false
python-versions = "*"
version = "3.7.4.2"

[package.source]
reference = "alpine-patches"
type = "legacy"
url = "https://packages.travitia.xyz/root/idle/+simple"

[[package]]
category = "main"
description = "Fast implementation of asyncio event loop on top of libuv"
name = "uvloop"
optional = false
python-versions = "*"
version = "0.15.0.dev0"

[package.source]
reference = "alpine-patches"
type = "legacy"
url = "https://packages.travitia.xyz/root/idle/+simple"

[[package]]
category = "main"
description = "Yet another URL library"
name = "yarl"
optional = false
python-versions = ">=3.5"
version = "1.5.0"

[package.dependencies]
idna = ">=2.0"
multidict = ">=4.0"
typing-extensions = ">=3.7.4"

[package.source]
reference = "alpine-patches"
type = "legacy"
url = "https://packages.travitia.xyz/root/idle/+simple"

[metadata]
content-hash = "6c428d513ac4eaa778575d09e4f7021395d8b554586e49f3fa17f336b6ed1d87"
lock-version = "1.0"
python-versions = "^3.9"

[metadata.files]
aio-pika = [
    {file = "aio_pika-6.6.1-py3-none-any.whl", hash = "sha256:656ad6cb4c64412ebc3dce524ec8023a5d5176cd87855173de18ba0282c289d6"},
]
aiohttp = [
    {file = "aiohttp-4.0.0a1-cp39-cp39-linux_x86_64.whl", hash = "sha256:2c044fccc7fa6c2e52b17befa6aa48883866f3c67e75f05a3143ca4153adb7e2"},
    {file = "aiohttp-4.0.0a1-cp3_10-cp3_10-linux_x86_64.whl", hash = "sha256:875e3c6438afad4e74ebb606a7867bc9bf3cc4d581b094b85d4a9701b6bd4b97"},
]
aiormq = [
    {file = "aiormq-3.2.2-py3-none-any.whl", hash = "sha256:41a9d4eb17db805f30ed172f3f609fe0c2b16657fb15b1b67df19d251dd93c0d"},
]
async-timeout = [
    {file = "async_timeout-4.0.0a2-py3-none-any.whl", hash = "sha256:0b0e3079aaca061347d171961953782c97f7b9c5eb29310eb8e5150f7931dcba"},
]
attrs = [
    {file = "attrs-19.3.0-py2.py3-none-any.whl", hash = "sha256:08a96c641c3a74e44eb59afb61a24f2cb9f4d7188748e76ba4bb5edfa3cb7d1c"},
]
chardet = [
    {file = "chardet-3.0.4-py2.py3-none-any.whl", hash = "sha256:fc323ffcaeaed0e0a02bf4d117757b98aed530d9ed4531e3e15460124c106691"},
]
"discord.py" = [
    {file = "discord.py-1.4.0a2412+gc46983f-py3-none-any.whl", hash = "sha256:5862be8a5a6ebbe0fa9cb835ac03039584fbc0399a08cfc364dc4da1f864e78b"},
]
idna = [
    {file = "idna-2.10-py2.py3-none-any.whl", hash = "sha256:b97d804b1e9b523befed77c48dacec60e6dcb0b5391d57af6a65a312a90648c0"},
]
multidict = [
    {file = "multidict-4.7.6-cp39-cp39-linux_x86_64.whl", hash = "sha256:8fe7c15a93577fc8704c522f576d3130803e76b4d3deef61cb28815184bd1f0d"},
    {file = "multidict-4.7.6-cp3_10-cp3_10-linux_x86_64.whl", hash = "sha256:7504f5f8617a83ed2d66e197708aeae85b9812272d2bebb8c7d4a7df094d36c5"},
]
orjson = [
    {file = "orjson-3.3.0-cp39-cp39-linux_x86_64.whl", hash = "sha256:1e643bd897bded1dc3a63cd045f114a4fd82d41276512f660b1157c867a6038e"},
    {file = "orjson-3.3.0-cp3_10-cp3_10-linux_x86_64.whl", hash = "sha256:1baaf876dde8a8cc63df702c4a9b628f68e087bf304f0b9551d50d14db874f59"},
]
pamqp = [
    {file = "pamqp-2.3.0-py2.py3-none-any.whl", hash = "sha256:2f81b5c186f668a67f165193925b6bfd83db4363a6222f599517f29ecee60b02"},
]
typing-extensions = [
    {file = "typing_extensions-3.7.4.2-py3-none-any.whl", hash = "sha256:6e95524d8a547a91e08f404ae485bbb71962de46967e1b71a0cb89af24e761c5"},
]
uvloop = [
    {file = "uvloop-0.15.0.dev0-cp39-cp39-linux_x86_64.whl", hash = "sha256:9c5bb98cba709fadd07eeff2d8826c15c3612775ea90968e75971141b96a9cc8"},
    {file = "uvloop-0.15.0.dev0-cp3_10-cp3_10-linux_x86_64.whl", hash = "sha256:ea84a0c189da902458cf3231e6ce712b8bcdc4a13523ba868370bca088f8df89"},
]
yarl = [
    {file = "yarl-1.5.0-cp39-cp39-linux_x86_64.whl", hash = "sha256:ee413abbb4dc4dcf52dcf72505f9e0db6240e90a3abec4cf5b3846befdac183c"},
]
